{
  "projects": [
    {
      "projectId": "84wxoth5npGrp6RRXPL88z",
      "version": "4.27.0",
      "dependencies": {},
      "lang": "ts",
      "fileLocks": [
        {
          "assetId": "84wxoth5npGrp6RRXPL88z",
          "type": "projectCss",
          "checksum": "c5424297b69a305478b714b25604d0cd"
        },
        {
          "assetId": "84wxoth5npGrp6RRXPL88z",
          "checksum": "14e34fc8ee04382a88f671116234a1e3",
          "type": "globalContexts"
        }
      ],
      "codegenVersion": "0.0.1"
    },
    {
      "projectId": "ohDidvG9XsCeFumugENU3J",
      "version": "6.24.0",
      "dependencies": {},
      "lang": "ts",
      "fileLocks": [
        {
          "assetId": "ohDidvG9XsCeFumugENU3J",
          "type": "projectCss",
          "checksum": "fd83b730367fdbde2c69bc6cf31c2a3c"
        },
        {
          "assetId": "ohDidvG9XsCeFumugENU3J",
          "checksum": "de0a0e65174a6a185a8f822af51c6bdd",
          "type": "globalContexts"
        }
      ],
      "codegenVersion": "0.0.1"
    },
    {
      "projectId": "3ANMJmRMrYZuN2eTrhtZhF",
      "version": "latest",
      "dependencies": {
        "ohDidvG9XsCeFumugENU3J": "6.24.0",
        "84wxoth5npGrp6RRXPL88z": "4.27.0"
      },
      "lang": "ts",
      "fileLocks": [
        {
          "type": "globalVariant",
          "assetId": "quHCgLSADSrl",
          "checksum": "6ee9e99e796c6b55440fe5ce6f22a6c6"
        },
        {
          "assetId": "3ANMJmRMrYZuN2eTrhtZhF",
          "checksum": "68a3162eb8fa2895e6a0e19c3b18aada",
          "type": "globalContexts"
        },
        {
          "type": "renderModule",
          "assetId": "3YpKB0tAxFh4",
          "checksum": "942d83a1579dcb0d1b393228f9bec751"
        },
        {
          "type": "cssRules",
          "assetId": "3YpKB0tAxFh4",
          "checksum": "942d83a1579dcb0d1b393228f9bec751"
        },
        {
          "type": "renderModule",
          "assetId": "4uc5kP8l8A4m",
          "checksum": "357dc3c63afc7bf5e204b29a1fb7a0f0"
        },
        {
          "type": "cssRules",
          "assetId": "4uc5kP8l8A4m",
          "checksum": "357dc3c63afc7bf5e204b29a1fb7a0f0"
        },
        {
          "type": "renderModule",
          "assetId": "9o321bBee3h5",
          "checksum": "c6780376a5bd1650f479c1a3bf431363"
        },
        {
          "type": "cssRules",
          "assetId": "9o321bBee3h5",
          "checksum": "c6780376a5bd1650f479c1a3bf431363"
        },
        {
          "type": "renderModule",
          "assetId": "jT_BkuGgyhPS",
          "checksum": "1d4d18a3b701a5e2047b0c68535f3663"
        },
        {
          "type": "cssRules",
          "assetId": "jT_BkuGgyhPS",
          "checksum": "1d4d18a3b701a5e2047b0c68535f3663"
        },
        {
          "type": "renderModule",
          "assetId": "NIA6fob3YO2t",
          "checksum": "1d01db54318610dfe58db5824b117305"
        },
        {
          "type": "cssRules",
          "assetId": "NIA6fob3YO2t",
          "checksum": "1d01db54318610dfe58db5824b117305"
        },
        {
          "type": "renderModule",
          "assetId": "mVDQhSZnr0H4",
          "checksum": "4aebe25c5d33980c5ceade4e89e8270a"
        },
        {
          "type": "cssRules",
          "assetId": "mVDQhSZnr0H4",
          "checksum": "4aebe25c5d33980c5ceade4e89e8270a"
        },
        {
          "type": "renderModule",
          "assetId": "tW6fdyM_fwy9",
          "checksum": "eb5a5346f09a699131d5268b45249daf"
        },
        {
          "type": "cssRules",
          "assetId": "tW6fdyM_fwy9",
          "checksum": "eb5a5346f09a699131d5268b45249daf"
        },
        {
          "type": "renderModule",
          "assetId": "o2GFouo-K93R",
          "checksum": "f26c972d64ef762b050b518e2fc5ca56"
        },
        {
          "type": "cssRules",
          "assetId": "o2GFouo-K93R",
          "checksum": "f26c972d64ef762b050b518e2fc5ca56"
        },
        {
          "type": "renderModule",
          "assetId": "cbyIjul9b_hL",
          "checksum": "becebd607359936845aaf2ab1bc3cd00"
        },
        {
          "type": "cssRules",
          "assetId": "cbyIjul9b_hL",
          "checksum": "becebd607359936845aaf2ab1bc3cd00"
        },
        {
          "type": "renderModule",
          "assetId": "GpXEgcG434hX",
          "checksum": "5fb8335575f51e1b9515cab5d332b53b"
        },
        {
          "type": "cssRules",
          "assetId": "GpXEgcG434hX",
          "checksum": "5fb8335575f51e1b9515cab5d332b53b"
        },
        {
          "type": "renderModule",
          "assetId": "iUqDppGnZDHc",
          "checksum": "4c6fabdbb3aee332b91272ad0f229695"
        },
        {
          "type": "cssRules",
          "assetId": "iUqDppGnZDHc",
          "checksum": "4c6fabdbb3aee332b91272ad0f229695"
        },
        {
          "type": "renderModule",
          "assetId": "Ax2_XK3-BHKM",
          "checksum": "a2bf903e30c6a36c228d78585dd6c050"
        },
        {
          "type": "cssRules",
          "assetId": "Ax2_XK3-BHKM",
          "checksum": "a2bf903e30c6a36c228d78585dd6c050"
        },
        {
          "type": "renderModule",
          "assetId": "bFDQt5A9LzUn",
          "checksum": "428d33badbde8088cdc4be84e0efcac3"
        },
        {
          "type": "cssRules",
          "assetId": "bFDQt5A9LzUn",
          "checksum": "428d33badbde8088cdc4be84e0efcac3"
        },
        {
          "type": "renderModule",
          "assetId": "GZD1CvB9eMGA",
          "checksum": "c74f264a6e6782900a2661dab9dbba95"
        },
        {
          "type": "cssRules",
          "assetId": "GZD1CvB9eMGA",
          "checksum": "c74f264a6e6782900a2661dab9dbba95"
        },
        {
          "type": "renderModule",
          "assetId": "8EDA7jFT612G",
          "checksum": "891136575adef5d979a3e521a71c64d9"
        },
        {
          "type": "cssRules",
          "assetId": "8EDA7jFT612G",
          "checksum": "891136575adef5d979a3e521a71c64d9"
        },
        {
          "type": "renderModule",
          "assetId": "6apSrElTkAKS",
          "checksum": "6d265150505f2238fd5cd0f954951fd2"
        },
        {
          "type": "cssRules",
          "assetId": "6apSrElTkAKS",
          "checksum": "6d265150505f2238fd5cd0f954951fd2"
        },
        {
          "type": "renderModule",
          "assetId": "m_mFuR9MTkS3",
          "checksum": "7dbfe2e5d7d167b3af1ee5da7a314efb"
        },
        {
          "type": "cssRules",
          "assetId": "m_mFuR9MTkS3",
          "checksum": "7dbfe2e5d7d167b3af1ee5da7a314efb"
        },
        {
          "type": "renderModule",
          "assetId": "4V07aQxL1_p6",
          "checksum": "15d1a0f5421d826c0a67822eab78372e"
        },
        {
          "type": "cssRules",
          "assetId": "4V07aQxL1_p6",
          "checksum": "15d1a0f5421d826c0a67822eab78372e"
        },
        {
          "type": "renderModule",
          "assetId": "EsS17c2vJamb",
          "checksum": "a50f9b24bc85405e981003798eb237f4"
        },
        {
          "type": "cssRules",
          "assetId": "EsS17c2vJamb",
          "checksum": "a50f9b24bc85405e981003798eb237f4"
        },
        {
          "type": "renderModule",
          "assetId": "UhNEmsPsaOLS",
          "checksum": "49b1860ba80a6ecbe76035a1f6caae09"
        },
        {
          "type": "cssRules",
          "assetId": "UhNEmsPsaOLS",
          "checksum": "49b1860ba80a6ecbe76035a1f6caae09"
        },
        {
          "type": "renderModule",
          "assetId": "NuqX60hlTorY",
          "checksum": "96031c6fd3426da42459e50b6abcb5e2"
        },
        {
          "type": "cssRules",
          "assetId": "NuqX60hlTorY",
          "checksum": "96031c6fd3426da42459e50b6abcb5e2"
        },
        {
          "type": "renderModule",
          "assetId": "abUuZ_OBzqIx",
          "checksum": "addc80eba3c525a9c127e476f7e4710b"
        },
        {
          "type": "cssRules",
          "assetId": "abUuZ_OBzqIx",
          "checksum": "addc80eba3c525a9c127e476f7e4710b"
        },
        {
          "type": "renderModule",
          "assetId": "zInb_6mM-BOd",
          "checksum": "51b8811154cad93fb55b294a2845bb34"
        },
        {
          "type": "cssRules",
          "assetId": "zInb_6mM-BOd",
          "checksum": "51b8811154cad93fb55b294a2845bb34"
        },
        {
          "type": "renderModule",
          "assetId": "JkYce_MEgSAA",
          "checksum": "b9bcc5324ec472aba462ad1512a05863"
        },
        {
          "type": "cssRules",
          "assetId": "JkYce_MEgSAA",
          "checksum": "b9bcc5324ec472aba462ad1512a05863"
        },
        {
          "type": "renderModule",
          "assetId": "3khqwttOo2Fs",
          "checksum": "f658cda85a60d1614cfb51d9db2c2daf"
        },
        {
          "type": "cssRules",
          "assetId": "3khqwttOo2Fs",
          "checksum": "f658cda85a60d1614cfb51d9db2c2daf"
        },
        {
          "type": "renderModule",
          "assetId": "7wO7KzItzftQ",
          "checksum": "99f7744f7d8d9d3829297ccc3c3ff1cc"
        },
        {
          "type": "cssRules",
          "assetId": "7wO7KzItzftQ",
          "checksum": "99f7744f7d8d9d3829297ccc3c3ff1cc"
        },
        {
          "type": "renderModule",
          "assetId": "LcD7bpdcLV-K",
          "checksum": "164a53f31d96b5f1e2a193d4a84a1d39"
        },
        {
          "type": "cssRules",
          "assetId": "LcD7bpdcLV-K",
          "checksum": "164a53f31d96b5f1e2a193d4a84a1d39"
        },
        {
          "type": "renderModule",
          "assetId": "WlyNLIkTXwIr",
          "checksum": "fd3092b12337a7a3977cb61c4fe3c3cd"
        },
        {
          "type": "cssRules",
          "assetId": "WlyNLIkTXwIr",
          "checksum": "fd3092b12337a7a3977cb61c4fe3c3cd"
        },
        {
          "type": "renderModule",
          "assetId": "KtiExChZjjog",
          "checksum": "d25729d384282f50a8537ec7579bf23e"
        },
        {
          "type": "cssRules",
          "assetId": "KtiExChZjjog",
          "checksum": "d25729d384282f50a8537ec7579bf23e"
        },
        {
          "type": "renderModule",
          "assetId": "HP1tGX66zv_r",
          "checksum": "5f1377983629394cd7d7daa64afde9e3"
        },
        {
          "type": "cssRules",
          "assetId": "HP1tGX66zv_r",
          "checksum": "5f1377983629394cd7d7daa64afde9e3"
        },
        {
          "type": "icon",
          "assetId": "JYvICnJX2T43",
          "checksum": "54e93446fcf4e9134339d172f307e88f"
        },
        {
          "type": "icon",
          "assetId": "48peJZS1xju3",
          "checksum": "d67eedda9dad20b913825828cccab285"
        },
        {
          "type": "icon",
          "assetId": "2QQGLsZ9eGyP",
          "checksum": "6c2b2bc0bf6d3c3c6cdea1118080c08a"
        },
        {
          "type": "icon",
          "assetId": "h4RJhVVYf5-J",
          "checksum": "3b3e68bd1614770592b89610b54e7231"
        },
        {
          "type": "icon",
          "assetId": "cI7OeMFfyZIT",
          "checksum": "4dd6a390cea9e9f1eed86982fba84de0"
        },
        {
          "type": "icon",
          "assetId": "pOlO0Pk2e9Zb",
          "checksum": "b919933c570024a22c9a9035cc8a2f03"
        },
        {
          "type": "icon",
          "assetId": "eq35K9RCiZVs",
          "checksum": "3526137bb9c319b262b6dc19f203b810"
        },
        {
          "type": "icon",
          "assetId": "Ao_PEsM7dysK",
          "checksum": "0a56141a4fa55ffacbac9f9a1d69b89d"
        },
        {
          "type": "icon",
          "assetId": "bXN1m6x7RARB",
          "checksum": "de76792695e9fb1e42f1e6a0e90f024b"
        },
        {
          "type": "icon",
          "assetId": "dT6qYUaweaZ7",
          "checksum": "e59669813c9e611aa2f65ba42d89418e"
        },
        {
          "type": "icon",
          "assetId": "dx0xGZwl183-",
          "checksum": "0d42ebedb1dba1c5eeb19ebec6f21561"
        },
        {
          "type": "icon",
          "assetId": "NBclej6tpD3v",
          "checksum": "4b00c47546d461f075def54d2ccf2953"
        },
        {
          "type": "icon",
          "assetId": "Ir3fy6m2n_iL",
          "checksum": "977cf07ba6f5c7d7b605bd121144c217"
        },
        {
          "type": "icon",
          "assetId": "opvyIekJczu1",
          "checksum": "80276c90698e1000b97904119c4c5e5e"
        },
        {
          "type": "icon",
          "assetId": "twnv70u89XFX",
          "checksum": "61e6c0a909941f34b0af5b36cef27db0"
        },
        {
          "type": "icon",
          "assetId": "ylGAJK44DTjo",
          "checksum": "a34ba03249b08b71f89d82336e5be344"
        },
        {
          "type": "icon",
          "assetId": "_CSr7N7H9_ud",
          "checksum": "9556ff6c1a6ffeb0ce739a2fe72736d3"
        },
        {
          "type": "image",
          "assetId": "LR453RlhH0g7",
          "checksum": "0afc8b7555cce516af34813690f71cd9"
        },
        {
          "type": "image",
          "assetId": "6oM9shhDSqMz",
          "checksum": "dafd3a1e10d5789b0e8961be818d989e"
        },
        {
          "type": "image",
          "assetId": "--34bT-jL2UM",
          "checksum": "05129610ab35cb79036da1145f52e40d"
        },
        {
          "type": "image",
          "assetId": "GN_4LbGlUTCA",
          "checksum": "28cfb2555e7addd8d824d24c5859beab"
        },
        {
          "type": "image",
          "assetId": "WHjZh2SpYRLx",
          "checksum": "1f2378fa698abbb4abf60013508392a8"
        },
        {
          "type": "image",
          "assetId": "cMfYXFbH3o_W",
          "checksum": "963c18ca5633226c8f6a61b834a4f928"
        },
        {
          "type": "image",
          "assetId": "2s-YWemldHF4",
          "checksum": "b6ba6d36cf66d05f5886c67041fc6c2a"
        },
        {
          "type": "image",
          "assetId": "h_dM0p5U-WFP",
          "checksum": "15e6fc5c1abfd8200c86f581b06ea312"
        },
        {
          "type": "image",
          "assetId": "uJ2sTLYMYzTM",
          "checksum": "6b5ab47425eb82494e55745bd3bfea48"
        },
        {
          "type": "image",
          "assetId": "Trhi7VNDiFhm",
          "checksum": "363e7983845aab0a2b36e988ff718789"
        },
        {
          "type": "image",
          "assetId": "Pa7JHcK48czK",
          "checksum": "0e68f4192428baf2b8bb9ce98b4896e2"
        },
        {
          "type": "image",
          "assetId": "sK9r-e9_TSdE",
          "checksum": "c33afb27c7f98c512a615ce07a3e7f3e"
        },
        {
          "type": "image",
          "assetId": "DymyPrnl9TAl",
          "checksum": "b55690d00716144f4aa74dc64676f799"
        },
        {
          "type": "image",
          "assetId": "bOAFrRnSj5X0",
          "checksum": "4087ef9dcf4b711eec0000161f6abad8"
        },
        {
          "type": "image",
          "assetId": "uLRj3nWxMFrW",
          "checksum": "fc3a540549121b120291ebf6be030d52"
        },
        {
          "type": "image",
          "assetId": "flRYW-x1oabK",
          "checksum": "b228a7b5ed7d98f442c078d2e5e9480d"
        },
        {
          "type": "image",
          "assetId": "woH09vetoCil",
          "checksum": "ee62956214648cf330cb3bb473a28368"
        },
        {
          "type": "image",
          "assetId": "OYJT8BdTFzCc",
          "checksum": "4dd807ed0994729a4150926da1969218"
        },
        {
          "type": "image",
          "assetId": "cPCxdP2-ok2e",
          "checksum": "f50d1039d30a4ebeab97880afc65c748"
        },
        {
          "type": "image",
          "assetId": "yct1TE608zqK",
          "checksum": "22ef29fdbef56a2e371ffba0b8484567"
        },
        {
          "type": "image",
          "assetId": "dC5oXp1ZBGR5",
          "checksum": "56b1d29430fc7bfc3216731e4d2d4248"
        },
        {
          "type": "image",
          "assetId": "Wwt74W5AjMVk",
          "checksum": "9fa7fc7df84cecea4e9d28026172e6c5"
        },
        {
          "type": "image",
          "assetId": "bwHW_2B_cJ1a",
          "checksum": "9f9ffd33cb91743f299caf5618b69c8a"
        },
        {
          "type": "image",
          "assetId": "4pH2RImON5ZZ",
          "checksum": "f8141740b58c2bd9c9a9c46e738dcfcd"
        },
        {
          "type": "image",
          "assetId": "9KQG3fK5rvJ1",
          "checksum": "a77d96e1255842f4936b87f897a0c9b0"
        },
        {
          "type": "image",
          "assetId": "xT_iNV_DqZV_",
          "checksum": "4c307082d2617bbc013310e643612b9c"
        },
        {
          "type": "image",
          "assetId": "tD9MrFNuE72V",
          "checksum": "93975e1a7726fa90e6099f2398008442"
        },
        {
          "type": "image",
          "assetId": "X_FFHpTuyQUJ",
          "checksum": "bff312c829789c55511a7ee4fdca3e02"
        },
        {
          "type": "image",
          "assetId": "fXzyz-dp_WgK",
          "checksum": "517d717f7d2de4a0ee20ec16c6ad5671"
        },
        {
          "type": "image",
          "assetId": "-0x4C5eFSUi_",
          "checksum": "64ddba7fb96a055f1587d616f30f3ad6"
        },
        {
          "type": "image",
          "assetId": "qDYucXoLioQP",
          "checksum": "a4cae99581fd50e0319e7609bb301974"
        },
        {
          "type": "image",
          "assetId": "NepefBPM_4FF",
          "checksum": "37a91e5a0a52054b76d76473d91cff4c"
        },
        {
          "type": "image",
          "assetId": "DtH_KC_7NExH",
          "checksum": "d154a37c149f61aa34cef8d1ae783977"
        },
        {
          "type": "image",
          "assetId": "JLDEreAvz1er",
          "checksum": "00e78aedeb9953564bbcb468efb98b3c"
        },
        {
          "type": "image",
          "assetId": "LGMVrcXJphBR",
          "checksum": "2699a3588658566817bcaef1d00c8a8b"
        },
        {
          "type": "image",
          "assetId": "TgOcS5t2jlAf",
          "checksum": "89bf01c2c039de0a44d0fd83b0d2d421"
        },
        {
          "type": "image",
          "assetId": "-jUSff40SJ-6",
          "checksum": "afa43c663d29394ed9ec687a7997dc7e"
        },
        {
          "type": "image",
          "assetId": "QcEWs1-Z85_l",
          "checksum": "a83204946299d6e90325a3fb61acf54e"
        },
        {
          "type": "image",
          "assetId": "xlYv0s-l0gPp",
          "checksum": "5036bb6b98f571ec6995412157d01e69"
        },
        {
          "type": "image",
          "assetId": "HEXce8XJNMdc",
          "checksum": "d6109090fb5bc3aa1d81e61b960b4eca"
        },
        {
          "type": "image",
          "assetId": "kJ3fgcNS8S4B",
          "checksum": "610f150d7e6f9043e8d10611cbf9af16"
        },
        {
          "type": "image",
          "assetId": "a6dCyrbq3rZR",
          "checksum": "60047d5d8290e8af484e0a93c526ea32"
        },
        {
          "type": "image",
          "assetId": "VeLT8fGPILy6",
          "checksum": "b1ab822e1b4beb0b515c5cbe85bcff2e"
        },
        {
          "type": "image",
          "assetId": "bSlYjjkKA6fF",
          "checksum": "39bdf455a36460a8cebc486ff482068b"
        },
        {
          "type": "image",
          "assetId": "gqSiS2bgrEtY",
          "checksum": "e421e153a36bce685bb1a5852c74cd17"
        },
        {
          "type": "image",
          "assetId": "XQlnJGN4XAQV",
          "checksum": "b15b3fb6c6cf84dd46238364daac3dda"
        },
        {
          "type": "image",
          "assetId": "gKY2y6wCiJgY",
          "checksum": "3b76cc424d113af07c32d0e115f697bc"
        },
        {
          "type": "image",
          "assetId": "8u3ueF5HW5zQ",
          "checksum": "21c02fa2d0380d0a9e0c1b375dc63473"
        },
        {
          "type": "image",
          "assetId": "Qx84awHSc-ck",
          "checksum": "909146c6fc8c43344c06974c6e7b13a1"
        },
        {
          "type": "image",
          "assetId": "rR_gQL33N2rJ",
          "checksum": "de7e3cd4acd094b25194553eba54e09e"
        },
        {
          "type": "image",
          "assetId": "xmv2ymN4xsf7",
          "checksum": "a3469c829b19490b8c0ca78ba6158e30"
        },
        {
          "type": "image",
          "assetId": "r4pzyzalJI0Y",
          "checksum": "4f11fd80ac25057bb515862adffe643c"
        },
        {
          "type": "image",
          "assetId": "GtcJ2QUXSchY",
          "checksum": "e8c0e6476dfa18f135a914463026fdf3"
        },
        {
          "type": "image",
          "assetId": "IdP9u4J0rFSr",
          "checksum": "f573cc81483db2d5eae0e5bb095b5889"
        },
        {
          "type": "image",
          "assetId": "bbZmLCr5hOQd",
          "checksum": "7a5952e1b1ed0ed17a6820a14c6b2bc9"
        },
        {
          "type": "image",
          "assetId": "Xq4wrAuZDZnI",
          "checksum": "a478ed16a47e6c3173147bb520eacef0"
        },
        {
          "type": "image",
          "assetId": "MxUqyGBlBFo4",
          "checksum": "50295f91ad4b04e336e85694200a337c"
        },
        {
          "type": "image",
          "assetId": "oEQ167-JNZYj",
          "checksum": "0fa699f188e33f4723e08d5a78991631"
        },
        {
          "type": "image",
          "assetId": "SbB1SjWkYs8Y",
          "checksum": "3e1a64bc180d413898ebcf165167f5fe"
        },
        {
          "type": "image",
          "assetId": "JmrvSWZTaZcA",
          "checksum": "37a21af417f7be7b20c1d875707ed7a8"
        },
        {
          "type": "image",
          "assetId": "TD8R_alkx3WX",
          "checksum": "79b8f99940c39212ae8c0ddeabede5a2"
        },
        {
          "type": "image",
          "assetId": "3PqbI6oYiwfz",
          "checksum": "2d95023c91b2cc7b06f2229110989d6e"
        },
        {
          "type": "image",
          "assetId": "8gGeFH1zGP6P",
          "checksum": "4b76a0a31f7bb57be9edf077bcdbd68b"
        },
        {
          "type": "image",
          "assetId": "TyL0sgWDm0ZJ",
          "checksum": "9aaf31c8eeee229f814da5872fa0f877"
        },
        {
          "type": "image",
          "assetId": "oKaBqXTT0lou",
          "checksum": "e99f3008f20af0651593b12057e46ad6"
        },
        {
          "type": "image",
          "assetId": "T3BZ-OC9hXvi",
          "checksum": "9ac8901e3b8bb8c8d0ba2543b76744ab"
        },
        {
          "type": "image",
          "assetId": "GM8PlO-mkqKx",
          "checksum": "a04a1547a4446ec4eb9bb3a215b41fcd"
        },
        {
          "type": "image",
          "assetId": "Le09R0r9ntbO",
          "checksum": "35e95680e0120330f25bc04429fa2f6d"
        },
        {
          "type": "image",
          "assetId": "TMxVlJvW-KrG",
          "checksum": "eae5af28d1b47105bc5246fd6db700cc"
        },
        {
          "type": "image",
          "assetId": "26fHOVt6TGep",
          "checksum": "3d4fd8b2caa0a20729b3eadca63cbf14"
        },
        {
          "type": "image",
          "assetId": "Zi3SsCBuea5J",
          "checksum": "41a947d356ccf19b613af8833d926ae5"
        },
        {
          "type": "image",
          "assetId": "EeJ6qhdB21u8",
          "checksum": "dc2d3fd071e1ff8b63182c2bd7fa98c6"
        },
        {
          "type": "image",
          "assetId": "uVmyrWsi6skR",
          "checksum": "e9c8310a857d5cd8e29bd921797bd543"
        },
        {
          "type": "image",
          "assetId": "K9Uz_V2uSdCf",
          "checksum": "cb7db97ce63cb48b499196a64ed7940c"
        },
        {
          "type": "image",
          "assetId": "fgCfwqceOtf8",
          "checksum": "1b00576c567789aa7d37250e5ff718ec"
        },
        {
          "type": "image",
          "assetId": "dtkN9QZUSjSw",
          "checksum": "957d7db37238aa29f38155843ad34680"
        },
        {
          "type": "image",
          "assetId": "QgsQtKluz68k",
          "checksum": "8e979dc84b633f7fe4bf86c13fc3ef38"
        },
        {
          "type": "image",
          "assetId": "wNjSjILBzhmU",
          "checksum": "f40bc882ef0bceaf255939c648118bdd"
        },
        {
          "type": "image",
          "assetId": "QRGtBy0DleLF",
          "checksum": "9519f5674614f685ce4943e26dc3eaf1"
        },
        {
          "type": "image",
          "assetId": "niBcbqj7owwu",
          "checksum": "cf76ae42588430a4babcf9276c236912"
        },
        {
          "type": "image",
          "assetId": "Ybz4q03fcDMy",
          "checksum": "f2835d4c265f197dff3d17bbe978bcc7"
        },
        {
          "type": "image",
          "assetId": "IM5dKok9YkB1",
          "checksum": "1e78dde9e9424ced1b576ec141201c96"
        },
        {
          "type": "image",
          "assetId": "yGYE_bzjQHCv",
          "checksum": "cab343a53bbca5cc00270442818d41f3"
        },
        {
          "type": "image",
          "assetId": "qslNrAwmFQJB",
          "checksum": "85bc95a925585da1e97da1deb0b12370"
        },
        {
          "type": "image",
          "assetId": "dQ-PnpugSd3u",
          "checksum": "a60ced9a850d9181c2930caec1f2c1ef"
        },
        {
          "type": "image",
          "assetId": "Y2Zuy7ZOFHwk",
          "checksum": "713e32b2cdec032b29444e2636b5b6ee"
        },
        {
          "type": "image",
          "assetId": "wpAL0HiTRsmh",
          "checksum": "6350ff96a91019e5eb79fafee8dc9952"
        },
        {
          "type": "image",
          "assetId": "ZWVVU-cLhOU9",
          "checksum": "fd2c019d16b58f7d674487682c80df80"
        },
        {
          "type": "image",
          "assetId": "40MSlI2vKAaf",
          "checksum": "30021477dc5fb85cc1c8bbc2c1fb6856"
        },
        {
          "type": "image",
          "assetId": "P4zGHElP5jrH",
          "checksum": "914548679bdd86044580ff32de48a37f"
        },
        {
          "type": "image",
          "assetId": "tn7Eqmg-o8Aa",
          "checksum": "524fbdaa53c8760d0ee8b98e42496071"
        },
        {
          "type": "renderModule",
          "assetId": "-N9DC8Z3-Sfb",
          "checksum": "042529c434286800a40ec2de283538c3"
        },
        {
          "type": "cssRules",
          "assetId": "-N9DC8Z3-Sfb",
          "checksum": "042529c434286800a40ec2de283538c3"
        },
        {
          "assetId": "3ANMJmRMrYZuN2eTrhtZhF",
          "type": "projectCss",
          "checksum": "843c5a5b3947a9bfc4e133874da8b989"
        }
      ],
      "codegenVersion": "0.0.1"
    }
  ],
  "cliVersion": "0.1.330"
}
